
Microsoft Visual Studio Solution File, Format Version 12.00
# Visual Studio 15
Project("{FAE04EC0-301F-11D3-BF4B-00C04F79EFBC}") = "Meryel.CodeAssist.Editor", "Meryel.CodeAssist.Editor.csproj", "{50F96C72-70F2-3060-9A56-D2BEB07D433F}"
EndProject
Project("{FAE04EC0-301F-11D3-BF4B-00C04F79EFBC}") = "Assembly-CSharp", "Assembly-CSharp.csproj", "{C8673B42-7553-685E-75CE-8F33D576BACE}"
EndProject
Global
	GlobalSection(SolutionConfigurationPlatforms) = preSolution
		Debug|Any CPU = Debug|Any CPU
		Release|Any CPU = Release|Any CPU
	EndGlobalSection
	GlobalSection(ProjectConfigurationPlatforms) = postSolution
		{50F96C72-70F2-3060-9A56-D2BEB07D433F}.Debug|Any CPU.ActiveCfg = Debug|Any CPU
		{50F96C72-70F2-3060-9A56-D2BEB07D433F}.Debug|Any CPU.Build.0 = Debug|Any CPU
		{50F96C72-70F2-3060-9A56-D2BEB07D433F}.Release|Any CPU.ActiveCfg = Release|Any CPU
		{50F96C72-70F2-3060-9A56-D2BEB07D433F}.Release|Any CPU.Build.0 = Release|Any CPU
		{C8673B42-7553-685E-75CE-8F33D576BACE}.Debug|Any CPU.ActiveCfg = Debug|Any CPU
		{C8673B42-7553-685E-75CE-8F33D576BACE}.Debug|Any CPU.Build.0 = Debug|Any CPU
		{C8673B42-7553-685E-75CE-8F33D576BACE}.Release|Any CPU.ActiveCfg = Release|Any CPU
		{C8673B42-7553-685E-75CE-8F33D576BACE}.Release|Any CPU.Build.0 = Release|Any CPU
	EndGlobalSection
	GlobalSection(SolutionProperties) = preSolution
		HideSolutionNode = FALSE
	EndGlobalSection
EndGlobal
